{
    "_readme": [
        "This file locks the dependencies of your project to a known state",
        "Read more about it at https://getcomposer.org/doc/01-basic-usage.md#installing-dependencies",
        "This file is @generated automatically"
    ],
    "content-hash": "69e5041363b3450e1c055c71b60819dc",
    "packages": [
        {
            "name": "apache/thrift",
            "version": "v0.22.0",
            "source": {
                "type": "git",
                "url": "https://github.com/apache/thrift.git",
                "reference": "af9ac170f4de895266de4b6f9f3e68a58f113760"
            },
            "dist": {
                "type": "zip",
                "url": "https://api.github.com/repos/apache/thrift/zipball/af9ac170f4de895266de4b6f9f3e68a58f113760",
                "reference": "af9ac170f4de895266de4b6f9f3e68a58f113760",
                "shasum": "",
                "mirrors": [
                    {
                        "url": "https://mirrors.aliyun.com/composer/dists/%package%/%reference%.%type%",
                        "preferred": true
                    }
                ]
            },
            "require": {
                "php": "^7.1 || ^8.0"
            },
            "require-dev": {
                "ext-curl": "*",
                "ext-json": "*",
                "ext-pcntl": "*",
                "ext-xml": "*",
                "php-mock/php-mock-phpunit": "^2.10",
                "phpunit/phpunit": "^7.5 || ^8.5 || ^9.5",
                "squizlabs/php_codesniffer": "3.*"
            },
            "type": "library",
            "extra": {
                "branch-alias": {
                    "dev-master": "1.0.x-dev"
                }
            },
            "autoload": {
                "psr-4": {
                    "Thrift\\": "lib/php/lib/"
                }
            },
            "notification-url": "https://packagist.org/downloads/",
            "license": [
                "Apache-2.0"
            ],
            "authors": [
                {
                    "name": "Apache Thrift Developers",
                    "email": "dev@thrift.apache.org",
                    "homepage": "http://thrift.apache.org"
                }
            ],
            "description": "Apache Thrift RPC system",
            "homepage": "http://thrift.apache.org",
            "keywords": [
                "rpc"
            ],
            "support": {
                "email": "dev@thrift.apache.org",
                "issues": "https://issues.apache.org/jira/browse/THRIFT",
                "source": "https://github.com/apache/thrift/tree/v0.22.0"
            },
            "time": "2025-05-16T20:37:06+00:00"
        }
    ],
    "packages-dev": [],
    "aliases": [],
    "minimum-stability": "stable",
    "stability-flags": [],
    "prefer-stable": false,
    "prefer-lowest": false,
    "platform": [],
    "platform-dev": [],
    "plugin-api-version": "2.2.0"
}
